
Microsoft Visual Studio Solution File, Format Version 12.00
# Visual Studio 15
VisualStudioVersion = 15.0.27428.2002
MinimumVisualStudioVersion = 10.0.40219.1
Project("{FAE04EC0-301F-11D3-BF4B-00C04F79EFBC}") = "uJudge.Android", "uJudge\uJudge.Android\uJudge.Android.csproj", "{F739D22F-0302-42B6-B2C1-D6F3A35AC994}"
EndProject
Project("{FAE04EC0-301F-11D3-BF4B-00C04F79EFBC}") = "uJudge.iOS", "uJudge\uJudge.iOS\uJudge.iOS.csproj", "{BC9D546F-5669-44F4-AB38-FA735A85E59A}"
EndProject
Project("{9A19103F-16F7-4668-BE54-9A1E7A4F7556}") = "uJudge", "uJudge\uJudge\uJudge.csproj", "{F7A8D41B-24E3-4551-893F-516FCAD6ABDD}"
EndProject
Global
	GlobalSection(SolutionConfigurationPlatforms) = preSolution
		Ad-Hoc|Any CPU = Ad-Hoc|Any CPU
		Ad-Hoc|iPhone = Ad-Hoc|iPhone
		Ad-Hoc|iPhoneSimulator = Ad-Hoc|iPhoneSimulator
		AppStore|Any CPU = AppStore|Any CPU
		AppStore|iPhone = AppStore|iPhone
		AppStore|iPhoneSimulator = AppStore|iPhoneSimulator
		Debug|Any CPU = Debug|Any CPU
		Debug|iPhone = Debug|iPhone
		Debug|iPhoneSimulator = Debug|iPhoneSimulator
		Release|Any CPU = Release|Any CPU
		Release|iPhone = Release|iPhone
		Release|iPhoneSimulator = Release|iPhoneSimulator
	EndGlobalSection
	GlobalSection(ProjectConfigurationPlatforms) = postSolution
		{F739D22F-0302-42B6-B2C1-D6F3A35AC994}.Ad-Hoc|Any CPU.ActiveCfg = Release|Any CPU
		{F739D22F-0302-42B6-B2C1-D6F3A35AC994}.Ad-Hoc|Any CPU.Build.0 = Release|Any CPU
		{F739D22F-0302-42B6-B2C1-D6F3A35AC994}.Ad-Hoc|Any CPU.Deploy.0 = Release|Any CPU
		{F739D22F-0302-42B6-B2C1-D6F3A35AC994}.Ad-Hoc|iPhone.ActiveCfg = Release|Any CPU
		{F739D22F-0302-42B6-B2C1-D6F3A35AC994}.Ad-Hoc|iPhone.Build.0 = Release|Any CPU
		{F739D22F-0302-42B6-B2C1-D6F3A35AC994}.Ad-Hoc|iPhone.Deploy.0 = Release|Any CPU
		{F739D22F-0302-42B6-B2C1-D6F3A35AC994}.Ad-Hoc|iPhoneSimulator.ActiveCfg = Release|Any CPU
		{F739D22F-0302-42B6-B2C1-D6F3A35AC994}.Ad-Hoc|iPhoneSimulator.Build.0 = Release|Any CPU
		{F739D22F-0302-42B6-B2C1-D6F3A35AC994}.Ad-Hoc|iPhoneSimulator.Deploy.0 = Release|Any CPU
		{F739D22F-0302-42B6-B2C1-D6F3A35AC994}.AppStore|Any CPU.ActiveCfg = Release|Any CPU
		{F739D22F-0302-42B6-B2C1-D6F3A35AC994}.AppStore|Any CPU.Build.0 = Release|Any CPU
		{F739D22F-0302-42B6-B2C1-D6F3A35AC994}.AppStore|Any CPU.Deploy.0 = Release|Any CPU
		{F739D22F-0302-42B6-B2C1-D6F3A35AC994}.AppStore|iPhone.ActiveCfg = Release|Any CPU
		{F739D22F-0302-42B6-B2C1-D6F3A35AC994}.AppStore|iPhone.Build.0 = Release|Any CPU
		{F739D22F-0302-42B6-B2C1-D6F3A35AC994}.AppStore|iPhone.Deploy.0 = Release|Any CPU
		{F739D22F-0302-42B6-B2C1-D6F3A35AC994}.AppStore|iPhoneSimulator.ActiveCfg = Release|Any CPU
		{F739D22F-0302-42B6-B2C1-D6F3A35AC994}.AppStore|iPhoneSimulator.Build.0 = Release|Any CPU
		{F739D22F-0302-42B6-B2C1-D6F3A35AC994}.AppStore|iPhoneSimulator.Deploy.0 = Release|Any CPU
		{F739D22F-0302-42B6-B2C1-D6F3A35AC994}.Debug|Any CPU.ActiveCfg = Debug|Any CPU
		{F739D22F-0302-42B6-B2C1-D6F3A35AC994}.Debug|Any CPU.Build.0 = Debug|Any CPU
		{F739D22F-0302-42B6-B2C1-D6F3A35AC994}.Debug|Any CPU.Deploy.0 = Debug|Any CPU
		{F739D22F-0302-42B6-B2C1-D6F3A35AC994}.Debug|iPhone.ActiveCfg = Debug|Any CPU
		{F739D22F-0302-42B6-B2C1-D6F3A35AC994}.Debug|iPhone.Build.0 = Debug|Any CPU
		{F739D22F-0302-42B6-B2C1-D6F3A35AC994}.Debug|iPhone.Deploy.0 = Debug|Any CPU
		{F739D22F-0302-42B6-B2C1-D6F3A35AC994}.Debug|iPhoneSimulator.ActiveCfg = Debug|Any CPU
		{F739D22F-0302-42B6-B2C1-D6F3A35AC994}.Debug|iPhoneSimulator.Build.0 = Debug|Any CPU
		{F739D22F-0302-42B6-B2C1-D6F3A35AC994}.Debug|iPhoneSimulator.Deploy.0 = Debug|Any CPU
		{F739D22F-0302-42B6-B2C1-D6F3A35AC994}.Release|Any CPU.ActiveCfg = Release|Any CPU
		{F739D22F-0302-42B6-B2C1-D6F3A35AC994}.Release|Any CPU.Build.0 = Release|Any CPU
		{F739D22F-0302-42B6-B2C1-D6F3A35AC994}.Release|Any CPU.Deploy.0 = Release|Any CPU
		{F739D22F-0302-42B6-B2C1-D6F3A35AC994}.Release|iPhone.ActiveCfg = Release|Any CPU
		{F739D22F-0302-42B6-B2C1-D6F3A35AC994}.Release|iPhone.Build.0 = Release|Any CPU
		{F739D22F-0302-42B6-B2C1-D6F3A35AC994}.Release|iPhone.Deploy.0 = Release|Any CPU
		{F739D22F-0302-42B6-B2C1-D6F3A35AC994}.Release|iPhoneSimulator.ActiveCfg = Release|Any CPU
		{F739D22F-0302-42B6-B2C1-D6F3A35AC994}.Release|iPhoneSimulator.Build.0 = Release|Any CPU
		{F739D22F-0302-42B6-B2C1-D6F3A35AC994}.Release|iPhoneSimulator.Deploy.0 = Release|Any CPU
		{BC9D546F-5669-44F4-AB38-FA735A85E59A}.Ad-Hoc|Any CPU.ActiveCfg = Ad-Hoc|iPhone
		{BC9D546F-5669-44F4-AB38-FA735A85E59A}.Ad-Hoc|iPhone.ActiveCfg = Ad-Hoc|iPhone
		{BC9D546F-5669-44F4-AB38-FA735A85E59A}.Ad-Hoc|iPhone.Build.0 = Ad-Hoc|iPhone
		{BC9D546F-5669-44F4-AB38-FA735A85E59A}.Ad-Hoc|iPhoneSimulator.ActiveCfg = Ad-Hoc|iPhoneSimulator
		{BC9D546F-5669-44F4-AB38-FA735A85E59A}.Ad-Hoc|iPhoneSimulator.Build.0 = Ad-Hoc|iPhoneSimulator
		{BC9D546F-5669-44F4-AB38-FA735A85E59A}.AppStore|Any CPU.ActiveCfg = Ad-Hoc|iPhone
		{BC9D546F-5669-44F4-AB38-FA735A85E59A}.AppStore|iPhone.ActiveCfg = AppStore|iPhone
		{BC9D546F-5669-44F4-AB38-FA735A85E59A}.AppStore|iPhone.Build.0 = AppStore|iPhone
		{BC9D546F-5669-44F4-AB38-FA735A85E59A}.AppStore|iPhoneSimulator.ActiveCfg = AppStore|iPhoneSimulator
		{BC9D546F-5669-44F4-AB38-FA735A85E59A}.AppStore|iPhoneSimulator.Build.0 = AppStore|iPhoneSimulator
		{BC9D546F-5669-44F4-AB38-FA735A85E59A}.Debug|Any CPU.ActiveCfg = Ad-Hoc|iPhone
		{BC9D546F-5669-44F4-AB38-FA735A85E59A}.Debug|iPhone.ActiveCfg = Debug|iPhone
		{BC9D546F-5669-44F4-AB38-FA735A85E59A}.Debug|iPhone.Build.0 = Debug|iPhone
		{BC9D546F-5669-44F4-AB38-FA735A85E59A}.Debug|iPhoneSimulator.ActiveCfg = Debug|iPhoneSimulator
		{BC9D546F-5669-44F4-AB38-FA735A85E59A}.Debug|iPhoneSimulator.Build.0 = Debug|iPhoneSimulator
		{BC9D546F-5669-44F4-AB38-FA735A85E59A}.Release|Any CPU.ActiveCfg = Ad-Hoc|iPhone
		{BC9D546F-5669-44F4-AB38-FA735A85E59A}.Release|iPhone.ActiveCfg = Release|iPhone
		{BC9D546F-5669-44F4-AB38-FA735A85E59A}.Release|iPhone.Build.0 = Release|iPhone
		{BC9D546F-5669-44F4-AB38-FA735A85E59A}.Release|iPhoneSimulator.ActiveCfg = Release|iPhoneSimulator
		{BC9D546F-5669-44F4-AB38-FA735A85E59A}.Release|iPhoneSimulator.Build.0 = Release|iPhoneSimulator
		{F7A8D41B-24E3-4551-893F-516FCAD6ABDD}.Ad-Hoc|Any CPU.ActiveCfg = Debug|Any CPU
		{F7A8D41B-24E3-4551-893F-516FCAD6ABDD}.Ad-Hoc|Any CPU.Build.0 = Debug|Any CPU
		{F7A8D41B-24E3-4551-893F-516FCAD6ABDD}.Ad-Hoc|iPhone.ActiveCfg = Debug|Any CPU
		{F7A8D41B-24E3-4551-893F-516FCAD6ABDD}.Ad-Hoc|iPhone.Build.0 = Debug|Any CPU
		{F7A8D41B-24E3-4551-893F-516FCAD6ABDD}.Ad-Hoc|iPhoneSimulator.ActiveCfg = Debug|Any CPU
		{F7A8D41B-24E3-4551-893F-516FCAD6ABDD}.Ad-Hoc|iPhoneSimulator.Build.0 = Debug|Any CPU
		{F7A8D41B-24E3-4551-893F-516FCAD6ABDD}.AppStore|Any CPU.ActiveCfg = Debug|Any CPU
		{F7A8D41B-24E3-4551-893F-516FCAD6ABDD}.AppStore|Any CPU.Build.0 = Debug|Any CPU
		{F7A8D41B-24E3-4551-893F-516FCAD6ABDD}.AppStore|iPhone.ActiveCfg = Debug|Any CPU
		{F7A8D41B-24E3-4551-893F-516FCAD6ABDD}.AppStore|iPhone.Build.0 = Debug|Any CPU
		{F7A8D41B-24E3-4551-893F-516FCAD6ABDD}.AppStore|iPhoneSimulator.ActiveCfg = Debug|Any CPU
		{F7A8D41B-24E3-4551-893F-516FCAD6ABDD}.AppStore|iPhoneSimulator.Build.0 = Debug|Any CPU
		{F7A8D41B-24E3-4551-893F-516FCAD6ABDD}.Debug|Any CPU.ActiveCfg = Debug|Any CPU
		{F7A8D41B-24E3-4551-893F-516FCAD6ABDD}.Debug|Any CPU.Build.0 = Debug|Any CPU
		{F7A8D41B-24E3-4551-893F-516FCAD6ABDD}.Debug|iPhone.ActiveCfg = Debug|Any CPU
		{F7A8D41B-24E3-4551-893F-516FCAD6ABDD}.Debug|iPhone.Build.0 = Debug|Any CPU
		{F7A8D41B-24E3-4551-893F-516FCAD6ABDD}.Debug|iPhoneSimulator.ActiveCfg = Debug|Any CPU
		{F7A8D41B-24E3-4551-893F-516FCAD6ABDD}.Debug|iPhoneSimulator.Build.0 = Debug|Any CPU
		{F7A8D41B-24E3-4551-893F-516FCAD6ABDD}.Release|Any CPU.ActiveCfg = Debug|Any CPU
		{F7A8D41B-24E3-4551-893F-516FCAD6ABDD}.Release|Any CPU.Build.0 = Debug|Any CPU
		{F7A8D41B-24E3-4551-893F-516FCAD6ABDD}.Release|iPhone.ActiveCfg = Release|Any CPU
		{F7A8D41B-24E3-4551-893F-516FCAD6ABDD}.Release|iPhone.Build.0 = Release|Any CPU
		{F7A8D41B-24E3-4551-893F-516FCAD6ABDD}.Release|iPhoneSimulator.ActiveCfg = Release|Any CPU
		{F7A8D41B-24E3-4551-893F-516FCAD6ABDD}.Release|iPhoneSimulator.Build.0 = Release|Any CPU
	EndGlobalSection
	GlobalSection(SolutionProperties) = preSolution
		HideSolutionNode = FALSE
	EndGlobalSection
	GlobalSection(ExtensibilityGlobals) = postSolution
		SolutionGuid = {D6F63438-04EE-4A61-8263-31862F911E41}
	EndGlobalSection
EndGlobal
